// !$*UTF8*$!
{
	archiveVersion = 1;
	classes = {
	};
	objectVersion = 50;
	objects = {

/* Begin PBXBuildFile section */
		A9A90C2C20D3CFC000F50C70 /* AppDelegate.swift in Sources */ = {isa = PBXBuildFile; fileRef = A9A90C2B20D3CFC000F50C70 /* AppDelegate.swift */; };
		A9A90C2E20D3CFC000F50C70 /* ViewController.swift in Sources */ = {isa = PBXBuildFile; fileRef = A9A90C2D20D3CFC000F50C70 /* ViewController.swift */; };
		A9A90C3120D3CFC000F50C70 /* Main.storyboard in Resources */ = {isa = PBXBuildFile; fileRef = A9A90C2F20D3CFC000F50C70 /* Main.storyboard */; };
		A9A90C3320D3CFC100F50C70 /* Assets.xcassets in Resources */ = {isa = PBXBuildFile; fileRef = A9A90C3220D3CFC100F50C70 /* Assets.xcassets */; };
		A9A90C3620D3CFC100F50C70 /* LaunchScreen.storyboard in Resources */ = {isa = PBXBuildFile; fileRef = A9A90C3420D3CFC100F50C70 /* LaunchScreen.storyboard */; };
		A9A90C4120D3CFC100F50C70 /* InjectionIIIDemoTests.swift in Sources */ = {isa = PBXBuildFile; fileRef = A9A90C4020D3CFC100F50C70 /* InjectionIIIDemoTests.swift */; };
		A9A90C4C20D3CFC100F50C70 /* InjectionIIIDemoUITests.swift in Sources */ = {isa = PBXBuildFile; fileRef = A9A90C4B20D3CFC100F50C70 /* InjectionIIIDemoUITests.swift */; };
/* End PBXBuildFile section */

/* Begin PBXContainerItemProxy section */
		A9A90C3D20D3CFC100F50C70 /* PBXContainerItemProxy */ = {
			isa = PBXContainerItemProxy;
			containerPortal = A9A90C2020D3CFC000F50C70 /* Project object */;
			proxyType = 1;
			remoteGlobalIDString = A9A90C2720D3CFC000F50C70;
			remoteInfo = InjectionIIIDemo;
		};
		A9A90C4820D3CFC100F50C70 /* PBXContainerItemProxy */ = {
			isa = PBXContainerItemProxy;
			containerPortal = A9A90C2020D3CFC000F50C70 /* Project object */;
			proxyType = 1;
			remoteGlobalIDString = A9A90C2720D3CFC000F50C70;
			remoteInfo = InjectionIIIDemo;
		};
/* End PBXContainerItemProxy section */

/* Begin PBXFileReference section */
		A9A90C2820D3CFC000F50C70 /* InjectionIIIDemo.app */ = {isa = PBXFileReference; explicitFileType = wrapper.application; includeInIndex = 0; path = InjectionIIIDemo.app; sourceTree = BUILT_PRODUCTS_DIR; };
		A9A90C2B20D3CFC000F50C70 /* AppDelegate.swift */ = {isa = PBXFileReference; lastKnownFileType = sourcecode.swift; path = AppDelegate.swift; sourceTree = "<group>"; };
		A9A90C2D20D3CFC000F50C70 /* ViewController.swift */ = {isa = PBXFileReference; lastKnownFileType = sourcecode.swift; path = ViewController.swift; sourceTree = "<group>"; };
		A9A90C3020D3CFC000F50C70 /* Base */ = {isa = PBXFileReference; lastKnownFileType = file.storyboard; name = Base; path = Base.lproj/Main.storyboard; sourceTree = "<group>"; };
		A9A90C3220D3CFC100F50C70 /* Assets.xcassets */ = {isa = PBXFileReference; lastKnownFileType = folder.assetcatalog; path = Assets.xcassets; sourceTree = "<group>"; };
		A9A90C3520D3CFC100F50C70 /* Base */ = {isa = PBXFileReference; lastKnownFileType = file.storyboard; name = Base; path = Base.lproj/LaunchScreen.storyboard; sourceTree = "<group>"; };
		A9A90C3720D3CFC100F50C70 /* Info.plist */ = {isa = PBXFileReference; lastKnownFileType = text.plist.xml; path = Info.plist; sourceTree = "<group>"; };
		A9A90C3C20D3CFC100F50C70 /* InjectionIIIDemoTests.xctest */ = {isa = PBXFileReference; explicitFileType = wrapper.cfbundle; includeInIndex = 0; path = InjectionIIIDemoTests.xctest; sourceTree = BUILT_PRODUCTS_DIR; };
		A9A90C4020D3CFC100F50C70 /* InjectionIIIDemoTests.swift */ = {isa = PBXFileReference; lastKnownFileType = sourcecode.swift; path = InjectionIIIDemoTests.swift; sourceTree = "<group>"; };
		A9A90C4220D3CFC100F50C70 /* Info.plist */ = {isa = PBXFileReference; lastKnownFileType = text.plist.xml; path = Info.plist; sourceTree = "<group>"; };
		A9A90C4720D3CFC100F50C70 /* InjectionIIIDemoUITests.xctest */ = {isa = PBXFileReference; explicitFileType = wrapper.cfbundle; includeInIndex = 0; path = InjectionIIIDemoUITests.xctest; sourceTree = BUILT_PRODUCTS_DIR; };
		A9A90C4B20D3CFC100F50C70 /* InjectionIIIDemoUITests.swift */ = {isa = PBXFileReference; lastKnownFileType = sourcecode.swift; path = InjectionIIIDemoUITests.swift; sourceTree = "<group>"; };
		A9A90C4D20D3CFC100F50C70 /* Info.plist */ = {isa = PBXFileReference; lastKnownFileType = text.plist.xml; path = Info.plist; sourceTree = "<group>"; };
/* End PBXFileReference section */

/* Begin PBXFrameworksBuildPhase section */
		A9A90C2520D3CFC000F50C70 /* Frameworks */ = {
			isa = PBXFrameworksBuildPhase;
			buildActionMask = 2147483647;
			files = (
			);
			runOnlyForDeploymentPostprocessing = 0;
		};
		A9A90C3920D3CFC100F50C70 /* Frameworks */ = {
			isa = PBXFrameworksBuildPhase;
			buildActionMask = 2147483647;
			files = (
			);
			runOnlyForDeploymentPostprocessing = 0;
		};
		A9A90C4420D3CFC100F50C70 /* Frameworks */ = {
			isa = PBXFrameworksBuildPhase;
			buildActionMask = 2147483647;
			files = (
			);
			runOnlyForDeploymentPostprocessing = 0;
		};
/* End PBXFrameworksBuildPhase section */

/* Begin PBXGroup section */
		A9A90C1F20D3CFC000F50C70 = {
			isa = PBXGroup;
			children = (
				A9A90C2A20D3CFC000F50C70 /* InjectionIIIDemo */,
				A9A90C3F20D3CFC100F50C70 /* InjectionIIIDemoTests */,
				A9A90C4A20D3CFC100F50C70 /* InjectionIIIDemoUITests */,
				A9A90C2920D3CFC000F50C70 /* Products */,
			);
			sourceTree = "<group>";
		};
		A9A90C2920D3CFC000F50C70 /* Products */ = {
			isa = PBXGroup;
			children = (
				A9A90C2820D3CFC000F50C70 /* InjectionIIIDemo.app */,
				A9A90C3C20D3CFC100F50C70 /* InjectionIIIDemoTests.xctest */,
				A9A90C4720D3CFC100F50C70 /* InjectionIIIDemoUITests.xctest */,
			);
			name = Products;
			sourceTree = "<group>";
		};
		A9A90C2A20D3CFC000F50C70 /* InjectionIIIDemo */ = {
			isa = PBXGroup;
			children = (
				A9A90C2B20D3CFC000F50C70 /* AppDelegate.swift */,
				A9A90C2D20D3CFC000F50C70 /* ViewController.swift */,
				A9A90C2F20D3CFC000F50C70 /* Main.storyboard */,
				A9A90C3220D3CFC100F50C70 /* Assets.xcassets */,
				A9A90C3420D3CFC100F50C70 /* LaunchScreen.storyboard */,
				A9A90C3720D3CFC100F50C70 /* Info.plist */,
			);
			path = InjectionIIIDemo;
			sourceTree = "<group>";
		};
		A9A90C3F20D3CFC100F50C70 /* InjectionIIIDemoTests */ = {
			isa = PBXGroup;
			children = (
				A9A90C4020D3CFC100F50C70 /* InjectionIIIDemoTests.swift */,
				A9A90C4220D3CFC100F50C70 /* Info.plist */,
			);
			path = InjectionIIIDemoTests;
			sourceTree = "<group>";
		};
		A9A90C4A20D3CFC100F50C70 /* InjectionIIIDemoUITests */ = {
			isa = PBXGroup;
			children = (
				A9A90C4B20D3CFC100F50C70 /* InjectionIIIDemoUITests.swift */,
				A9A90C4D20D3CFC100F50C70 /* Info.plist */,
			);
			path = InjectionIIIDemoUITests;
			sourceTree = "<group>";
		};
/* End PBXGroup section */

/* Begin PBXNativeTarget section */
		A9A90C2720D3CFC000F50C70 /* InjectionIIIDemo */ = {
			isa = PBXNativeTarget;
			buildConfigurationList = A9A90C5020D3CFC100F50C70 /* Build configuration list for PBXNativeTarget "InjectionIIIDemo" */;
			buildPhases = (
				A9A90C2420D3CFC000F50C70 /* Sources */,
				A9A90C2520D3CFC000F50C70 /* Frameworks */,
				A9A90C2620D3CFC000F50C70 /* Resources */,
			);
			buildRules = (
			);
			dependencies = (
			);
			name = InjectionIIIDemo;
			productName = InjectionIIIDemo;
			productReference = A9A90C2820D3CFC000F50C70 /* InjectionIIIDemo.app */;
			productType = "com.apple.product-type.application";
		};
		A9A90C3B20D3CFC100F50C70 /* InjectionIIIDemoTests */ = {
			isa = PBXNativeTarget;
			buildConfigurationList = A9A90C5320D3CFC100F50C70 /* Build configuration list for PBXNativeTarget "InjectionIIIDemoTests" */;
			buildPhases = (
				A9A90C3820D3CFC100F50C70 /* Sources */,
				A9A90C3920D3CFC100F50C70 /* Frameworks */,
				A9A90C3A20D3CFC100F50C70 /* Resources */,
			);
			buildRules = (
			);
			dependencies = (
				A9A90C3E20D3CFC100F50C70 /* PBXTargetDependency */,
			);
			name = InjectionIIIDemoTests;
			productName = InjectionIIIDemoTests;
			productReference = A9A90C3C20D3CFC100F50C70 /* InjectionIIIDemoTests.xctest */;
			productType = "com.apple.product-type.bundle.unit-test";
		};
		A9A90C4620D3CFC100F50C70 /* InjectionIIIDemoUITests */ = {
			isa = PBXNativeTarget;
			buildConfigurationList = A9A90C5620D3CFC100F50C70 /* Build configuration list for PBXNativeTarget "InjectionIIIDemoUITests" */;
			buildPhases = (
				A9A90C4320D3CFC100F50C70 /* Sources */,
				A9A90C4420D3CFC100F50C70 /* Frameworks */,
				A9A90C4520D3CFC100F50C70 /* Resources */,
			);
			buildRules = (
			);
			dependencies = (
				A9A90C4920D3CFC100F50C70 /* PBXTargetDependency */,
			);
			name = InjectionIIIDemoUITests;
			productName = InjectionIIIDemoUITests;
			productReference = A9A90C4720D3CFC100F50C70 /* InjectionIIIDemoUITests.xctest */;
			productType = "com.apple.product-type.bundle.ui-testing";
		};
/* End PBXNativeTarget section */

/* Begin PBXProject section */
		A9A90C2020D3CFC000F50C70 /* Project object */ = {
			isa = PBXProject;
			attributes = {
				LastSwiftUpdateCheck = 0940;
				LastUpgradeCheck = 0940;
				ORGANIZATIONNAME = "刘长虹";
				TargetAttributes = {
					A9A90C2720D3CFC000F50C70 = {
						CreatedOnToolsVersion = 9.4;
					};
					A9A90C3B20D3CFC100F50C70 = {
						CreatedOnToolsVersion = 9.4;
						TestTargetID = A9A90C2720D3CFC000F50C70;
					};
					A9A90C4620D3CFC100F50C70 = {
						CreatedOnToolsVersion = 9.4;
						TestTargetID = A9A90C2720D3CFC000F50C70;
					};
				};
			};
			buildConfigurationList = A9A90C2320D3CFC000F50C70 /* Build configuration list for PBXProject "InjectionIIIDemo" */;
			compatibilityVersion = "Xcode 9.3";
			developmentRegion = en;
			hasScannedForEncodings = 0;
			knownRegions = (
				en,
				Base,
			);
			mainGroup = A9A90C1F20D3CFC000F50C70;
			productRefGroup = A9A90C2920D3CFC000F50C70 /* Products */;
			projectDirPath = "";
			projectRoot = "";
			targets = (
				A9A90C2720D3CFC000F50C70 /* InjectionIIIDemo */,
				A9A90C3B20D3CFC100F50C70 /* InjectionIIIDemoTests */,
				A9A90C4620D3CFC100F50C70 /* InjectionIIIDemoUITests */,
			);
		};
/* End PBXProject section */

/* Begin PBXResourcesBuildPhase section */
		A9A90C2620D3CFC000F50C70 /* Resources */ = {
			isa = PBXResourcesBuildPhase;
			buildActionMask = 2147483647;
			files = (
				A9A90C3620D3CFC100F50C70 /* LaunchScreen.storyboard in Resources */,
				A9A90C3320D3CFC100F50C70 /* Assets.xcassets in Resources */,
				A9A90C3120D3CFC000F50C70 /* Main.storyboard in Resources */,
			);
			runOnlyForDeploymentPostprocessing = 0;
		};
		A9A90C3A20D3CFC100F50C70 /* Resources */ = {
			isa = PBXResourcesBuildPhase;
			buildActionMask = 2147483647;
			files = (
			);
			runOnlyForDeploymentPostprocessing = 0;
		};
		A9A90C4520D3CFC100F50C70 /* Resources */ = {
			isa = PBXResourcesBuildPhase;
			buildActionMask = 2147483647;
			files = (
			);
			runOnlyForDeploymentPostprocessing = 0;
		};
/* End PBXResourcesBuildPhase section */

/* Begin PBXSourcesBuildPhase section */
		A9A90C2420D3CFC000F50C70 /* Sources */ = {
			isa = PBXSourcesBuildPhase;
			buildActionMask = 2147483647;
			files = (
				A9A90C2E20D3CFC000F50C70 /* ViewController.swift in Sources */,
				A9A90C2C20D3CFC000F50C70 /* AppDelegate.swift in Sources */,
			);
			runOnlyForDeploymentPostprocessing = 0;
		};
		A9A90C3820D3CFC100F50C70 /* Sources */ = {
			isa = PBXSourcesBuildPhase;
			buildActionMask = 2147483647;
			files = (
				A9A90C4120D3CFC100F50C70 /* InjectionIIIDemoTests.swift in Sources */,
			);
			runOnlyForDeploymentPostprocessing = 0;
		};
		A9A90C4320D3CFC100F50C70 /* Sources */ = {
			isa = PBXSourcesBuildPhase;
			buildActionMask = 2147483647;
			files = (
				A9A90C4C20D3CFC100F50C70 /* InjectionIIIDemoUITests.swift in Sources */,
			);
			runOnlyForDeploymentPostprocessing = 0;
		};
/* End PBXSourcesBuildPhase section */

/* Begin PBXTargetDependency section */
		A9A90C3E20D3CFC100F50C70 /* PBXTargetDependency */ = {
			isa = PBXTargetDependency;
			target = A9A90C2720D3CFC000F50C70 /* InjectionIIIDemo */;
			targetProxy = A9A90C3D20D3CFC100F50C70 /* PBXContainerItemProxy */;
		};
		A9A90C4920D3CFC100F50C70 /* PBXTargetDependency */ = {
			isa = PBXTargetDependency;
			target = A9A90C2720D3CFC000F50C70 /* InjectionIIIDemo */;
			targetProxy = A9A90C4820D3CFC100F50C70 /* PBXContainerItemProxy */;
		};
/* End PBXTargetDependency section */

/* Begin PBXVariantGroup section */
		A9A90C2F20D3CFC000F50C70 /* Main.storyboard */ = {
			isa = PBXVariantGroup;
			children = (
				A9A90C3020D3CFC000F50C70 /* Base */,
			);
			name = Main.storyboard;
			sourceTree = "<group>";
		};
		A9A90C3420D3CFC100F50C70 /* LaunchScreen.storyboard */ = {
			isa = PBXVariantGroup;
			children = (
				A9A90C3520D3CFC100F50C70 /* Base */,
			);
			name = LaunchScreen.storyboard;
			sourceTree = "<group>";
		};
/* End PBXVariantGroup section */

/* Begin XCBuildConfiguration section */
		A9A90C4E20D3CFC100F50C70 /* Debug */ = {
			isa = XCBuildConfiguration;
			buildSettings = {
				ALWAYS_SEARCH_USER_PATHS = NO;
				CLANG_ANALYZER_NONNULL = YES;
				CLANG_ANALYZER_NUMBER_OBJECT_CONVERSION = YES_AGGRESSIVE;
				CLANG_CXX_LANGUAGE_STANDARD = "gnu++14";
				CLANG_CXX_LIBRARY = "libc++";
				CLANG_ENABLE_MODULES = YES;
				CLANG_ENABLE_OBJC_ARC = YES;
				CLANG_ENABLE_OBJC_WEAK = YES;
				CLANG_WARN_BLOCK_CAPTURE_AUTORELEASING = YES;
				CLANG_WARN_BOOL_CONVERSION = YES;
				CLANG_WARN_COMMA = YES;
				CLANG_WARN_CONSTANT_CONVERSION = YES;
				CLANG_WARN_DEPRECATED_OBJC_IMPLEMENTATIONS = YES;
				CLANG_WARN_DIRECT_OBJC_ISA_USAGE = YES_ERROR;
				CLANG_WARN_DOCUMENTATION_COMMENTS = YES;
				CLANG_WARN_EMPTY_BODY = YES;
				CLANG_WARN_ENUM_CONVERSION = YES;
				CLANG_WARN_INFINITE_RECURSION = YES;
				CLANG_WARN_INT_CONVERSION = YES;
				CLANG_WARN_NON_LITERAL_NULL_CONVERSION = YES;
				CLANG_WARN_OBJC_IMPLICIT_RETAIN_SELF = YES;
				CLANG_WARN_OBJC_LITERAL_CONVERSION = YES;
				CLANG_WARN_OBJC_ROOT_CLASS = YES_ERROR;
				CLANG_WARN_RANGE_LOOP_ANALYSIS = YES;
				CLANG_WARN_STRICT_PROTOTYPES = YES;
				CLANG_WARN_SUSPICIOUS_MOVE = YES;
				CLANG_WARN_UNGUARDED_AVAILABILITY = YES_AGGRESSIVE;
				CLANG_WARN_UNREACHABLE_CODE = YES;
				CLANG_WARN__DUPLICATE_METHOD_MATCH = YES;
				CODE_SIGN_IDENTITY = "iPhone Developer";
				COPY_PHASE_STRIP = NO;
				DEBUG_INFORMATION_FORMAT = dwarf;
				ENABLE_STRICT_OBJC_MSGSEND = YES;
				ENABLE_TESTABILITY = YES;
				GCC_C_LANGUAGE_STANDARD = gnu11;
				GCC_DYNAMIC_NO_PIC = NO;
				GCC_NO_COMMON_BLOCKS = YES;
				GCC_OPTIMIZATION_LEVEL = 0;
				GCC_PREPROCESSOR_DEFINITIONS = (
					"DEBUG=1",
					"$(inherited)",
				);
				GCC_WARN_64_TO_32_BIT_CONVERSION = YES;
				GCC_WARN_ABOUT_RETURN_TYPE = YES_ERROR;
				GCC_WARN_UNDECLARED_SELECTOR = YES;
				GCC_WARN_UNINITIALIZED_AUTOS = YES_AGGRESSIVE;
				GCC_WARN_UNUSED_FUNCTION = YES;
				GCC_WARN_UNUSED_VARIABLE = YES;
				IPHONEOS_DEPLOYMENT_TARGET = 11.4;
				MTL_ENABLE_DEBUG_INFO = YES;
				ONLY_ACTIVE_ARCH = YES;
				SDKROOT = iphoneos;
				SWIFT_ACTIVE_COMPILATION_CONDITIONS = DEBUG;
				SWIFT_OPTIMIZATION_LEVEL = "-Onone";
			};
			name = Debug;
		};
		A9A90C4F20D3CFC100F50C70 /* Release */ = {
			isa = XCBuildConfiguration;
			buildSettings = {
				ALWAYS_SEARCH_USER_PATHS = NO;
				CLANG_ANALYZER_NONNULL = YES;
				CLANG_ANALYZER_NUMBER_OBJECT_CONVERSION = YES_AGGRESSIVE;
				CLANG_CXX_LANGUAGE_STANDARD = "gnu++14";
				CLANG_CXX_LIBRARY = "libc++";
				CLANG_ENABLE_MODULES = YES;
				CLANG_ENABLE_OBJC_ARC = YES;
				CLANG_ENABLE_OBJC_WEAK = YES;
				CLANG_WARN_BLOCK_CAPTURE_AUTORELEASING = YES;
				CLANG_WARN_BOOL_CONVERSION = YES;
				CLANG_WARN_COMMA = YES;
				CLANG_WARN_CONSTANT_CONVERSION = YES;
				CLANG_WARN_DEPRECATED_OBJC_IMPLEMENTATIONS = YES;
				CLANG_WARN_DIRECT_OBJC_ISA_USAGE = YES_ERROR;
				CLANG_WARN_DOCUMENTATION_COMMENTS = YES;
				CLANG_WARN_EMPTY_BODY = YES;
				CLANG_WARN_ENUM_CONVERSION = YES;
				CLANG_WARN_INFINITE_RECURSION = YES;
				CLANG_WARN_INT_CONVERSION = YES;
				CLANG_WARN_NON_LITERAL_NULL_CONVERSION = YES;
				CLANG_WARN_OBJC_IMPLICIT_RETAIN_SELF = YES;
				CLANG_WARN_OBJC_LITERAL_CONVERSION = YES;
				CLANG_WARN_OBJC_ROOT_CLASS = YES_ERROR;
				CLANG_WARN_RANGE_LOOP_ANALYSIS = YES;
				CLANG_WARN_STRICT_PROTOTYPES = YES;
				CLANG_WARN_SUSPICIOUS_MOVE = YES;
				CLANG_WARN_UNGUARDED_AVAILABILITY = YES_AGGRESSIVE;
				CLANG_WARN_UNREACHABLE_CODE = YES;
				CLANG_WARN__DUPLICATE_METHOD_MATCH = YES;
				CODE_SIGN_IDENTITY = "iPhone Developer";
				COPY_PHASE_STRIP = NO;
				DEBUG_INFORMATION_FORMAT = "dwarf-with-dsym";
				ENABLE_NS_ASSERTIONS = NO;
				ENABLE_STRICT_OBJC_MSGSEND = YES;
				GCC_C_LANGUAGE_STANDARD = gnu11;
				GCC_NO_COMMON_BLOCKS = YES;
				GCC_WARN_64_TO_32_BIT_CONVERSION = YES;
				GCC_WARN_ABOUT_RETURN_TYPE = YES_ERROR;
				GCC_WARN_UNDECLARED_SELECTOR = YES;
				GCC_WARN_UNINITIALIZED_AUTOS = YES_AGGRESSIVE;
				GCC_WARN_UNUSED_FUNCTION = YES;
				GCC_WARN_UNUSED_VARIABLE = YES;
				IPHONEOS_DEPLOYMENT_TARGET = 11.4;
				MTL_ENABLE_DEBUG_INFO = NO;
				SDKROOT = iphoneos;
				SWIFT_COMPILATION_MODE = wholemodule;
				SWIFT_OPTIMIZATION_LEVEL = "-O";
				VALIDATE_PRODUCT = YES;
			};
			name = Release;
		};
		A9A90C5120D3CFC100F50C70 /* Debug */ = {
			isa = XCBuildConfiguration;
			buildSettings = {
				ASSETCATALOG_COMPILER_APPICON_NAME = AppIcon;
				CODE_SIGN_STYLE = Automatic;
				DEVELOPMENT_TEAM = 5VNK8J77R9;
				INFOPLIST_FILE = InjectionIIIDemo/Info.plist;
				LD_RUNPATH_SEARCH_PATHS = (
					"$(inherited)",
					"@executable_path/Frameworks",
				);
				PRODUCT_BUNDLE_IDENTIFIER = liuchanghong.InjectionIIIDemo;
				PRODUCT_NAME = "$(TARGET_NAME)";
				SWIFT_VERSION = 4.0;
				TARGETED_DEVICE_FAMILY = "1,2";
			};
			name = Debug;
		};
		A9A90C5220D3CFC100F50C70 /* Release */ = {
			isa = XCBuildConfiguration;
			buildSettings = {
				ASSETCATALOG_COMPILER_APPICON_NAME = AppIcon;
				CODE_SIGN_STYLE = Automatic;
				DEVELOPMENT_TEAM = 5VNK8J77R9;
				INFOPLIST_FILE = InjectionIIIDemo/Info.plist;
				LD_RUNPATH_SEARCH_PATHS = (
					"$(inherited)",
					"@executable_path/Frameworks",
				);
				PRODUCT_BUNDLE_IDENTIFIER = liuchanghong.InjectionIIIDemo;
				PRODUCT_NAME = "$(TARGET_NAME)";
				SWIFT_VERSION = 4.0;
				TARGETED_DEVICE_FAMILY = "1,2";
			};
			name = Release;
		};
		A9A90C5420D3CFC100F50C70 /* Debug */ = {
			isa = XCBuildConfiguration;
			buildSettings = {
				ALWAYS_EMBED_SWIFT_STANDARD_LIBRARIES = YES;
				BUNDLE_LOADER = "$(TEST_HOST)";
				CODE_SIGN_STYLE = Automatic;
				DEVELOPMENT_TEAM = 5VNK8J77R9;
				INFOPLIST_FILE = InjectionIIIDemoTests/Info.plist;
				LD_RUNPATH_SEARCH_PATHS = (
					"$(inherited)",
					"@executable_path/Frameworks",
					"@loader_path/Frameworks",
				);
				PRODUCT_BUNDLE_IDENTIFIER = liuchanghong.InjectionIIIDemoTests;
				PRODUCT_NAME = "$(TARGET_NAME)";
				SWIFT_VERSION = 4.0;
				TARGETED_DEVICE_FAMILY = "1,2";
				TEST_HOST = "$(BUILT_PRODUCTS_DIR)/InjectionIIIDemo.app/InjectionIIIDemo";
			};
			name = Debug;
		};
		A9A90C5520D3CFC100F50C70 /* Release */ = {
			isa = XCBuildConfiguration;
			buildSettings = {
				ALWAYS_EMBED_SWIFT_STANDARD_LIBRARIES = YES;
				BUNDLE_LOADER = "$(TEST_HOST)";
				CODE_SIGN_STYLE = Automatic;
				DEVELOPMENT_TEAM = 5VNK8J77R9;
				INFOPLIST_FILE = InjectionIIIDemoTests/Info.plist;
				LD_RUNPATH_SEARCH_PATHS = (
					"$(inherited)",
					"@executable_path/Frameworks",
					"@loader_path/Frameworks",
				);
				PRODUCT_BUNDLE_IDENTIFIER = liuchanghong.InjectionIIIDemoTests;
				PRODUCT_NAME = "$(TARGET_NAME)";
				SWIFT_VERSION = 4.0;
				TARGETED_DEVICE_FAMILY = "1,2";
				TEST_HOST = "$(BUILT_PRODUCTS_DIR)/InjectionIIIDemo.app/InjectionIIIDemo";
			};
			name = Release;
		};
		A9A90C5720D3CFC100F50C70 /* Debug */ = {
			isa = XCBuildConfiguration;
			buildSettings = {
				ALWAYS_EMBED_SWIFT_STANDARD_LIBRARIES = YES;
				CODE_SIGN_STYLE = Automatic;
				DEVELOPMENT_TEAM = 5VNK8J77R9;
				INFOPLIST_FILE = InjectionIIIDemoUITests/Info.plist;
				LD_RUNPATH_SEARCH_PATHS = (
					"$(inherited)",
					"@executable_path/Frameworks",
					"@loader_path/Frameworks",
				);
				PRODUCT_BUNDLE_IDENTIFIER = liuchanghong.InjectionIIIDemoUITests;
				PRODUCT_NAME = "$(TARGET_NAME)";
				SWIFT_VERSION = 4.0;
				TARGETED_DEVICE_FAMILY = "1,2";
				TEST_TARGET_NAME = InjectionIIIDemo;
			};
			name = Debug;
		};
		A9A90C5820D3CFC100F50C70 /* Release */ = {
			isa = XCBuildConfiguration;
			buildSettings = {
				ALWAYS_EMBED_SWIFT_STANDARD_LIBRARIES = YES;
				CODE_SIGN_STYLE = Automatic;
				DEVELOPMENT_TEAM = 5VNK8J77R9;
				INFOPLIST_FILE = InjectionIIIDemoUITests/Info.plist;
				LD_RUNPATH_SEARCH_PATHS = (
					"$(inherited)",
					"@executable_path/Frameworks",
					"@loader_path/Frameworks",
				);
				PRODUCT_BUNDLE_IDENTIFIER = liuchanghong.InjectionIIIDemoUITests;
				PRODUCT_NAME = "$(TARGET_NAME)";
				SWIFT_VERSION = 4.0;
				TARGETED_DEVICE_FAMILY = "1,2";
				TEST_TARGET_NAME = InjectionIIIDemo;
			};
			name = Release;
		};
/* End XCBuildConfiguration section */

/* Begin XCConfigurationList section */
		A9A90C2320D3CFC000F50C70 /* Build configuration list for PBXProject "InjectionIIIDemo" */ = {
			isa = XCConfigurationList;
			buildConfigurations = (
				A9A90C4E20D3CFC100F50C70 /* Debug */,
				A9A90C4F20D3CFC100F50C70 /* Release */,
			);
			defaultConfigurationIsVisible = 0;
			defaultConfigurationName = Release;
		};
		A9A90C5020D3CFC100F50C70 /* Build configuration list for PBXNativeTarget "InjectionIIIDemo" */ = {
			isa = XCConfigurationList;
			buildConfigurations = (
				A9A90C5120D3CFC100F50C70 /* Debug */,
				A9A90C5220D3CFC100F50C70 /* Release */,
			);
			defaultConfigurationIsVisible = 0;
			defaultConfigurationName = Release;
		};
		A9A90C5320D3CFC100F50C70 /* Build configuration list for PBXNativeTarget "InjectionIIIDemoTests" */ = {
			isa = XCConfigurationList;
			buildConfigurations = (
				A9A90C5420D3CFC100F50C70 /* Debug */,
				A9A90C5520D3CFC100F50C70 /* Release */,
			);
			defaultConfigurationIsVisible = 0;
			defaultConfigurationName = Release;
		};
		A9A90C5620D3CFC100F50C70 /* Build configuration list for PBXNativeTarget "InjectionIIIDemoUITests" */ = {
			isa = XCConfigurationList;
			buildConfigurations = (
				A9A90C5720D3CFC100F50C70 /* Debug */,
				A9A90C5820D3CFC100F50C70 /* Release */,
			);
			defaultConfigurationIsVisible = 0;
			defaultConfigurationName = Release;
		};
/* End XCConfigurationList section */
	};
	rootObject = A9A90C2020D3CFC000F50C70 /* Project object */;
}
